
Microsoft Visual Studio Solution File, Format Version 12.00
# Visual Studio Version 16
VisualStudioVersion = 16.0.31624.102
MinimumVisualStudioVersion = 10.0.40219.1
Project("{8BC9CEB8-8B4A-11D0-8D11-00A0C91BC942}") = "Pointer", "Pointer\Pointer.vcxproj", "{DB0FC255-0697-496D-AF39-A26D48196641}"
EndProject
Project("{8BC9CEB8-8B4A-11D0-8D11-00A0C91BC942}") = "TransmissionParametrs", "TransmissionParametrs\TransmissionParametrs.vcxproj", "{D20DAEBD-0DD0-4CE2-8676-587FB06DD921}"
EndProject
Project("{8BC9CEB8-8B4A-11D0-8D11-00A0C91BC942}") = "Referens", "Referens\Referens.vcxproj", "{142D2942-B093-4729-A949-5010B7941598}"
EndProject
Project("{8BC9CEB8-8B4A-11D0-8D11-00A0C91BC942}") = "DinamicMemory", "DinamicMemory\DinamicMemory.vcxproj", "{9653A6AE-AFFE-47EC-9A6B-EF0EACABA353}"
EndProject
Project("{8BC9CEB8-8B4A-11D0-8D11-00A0C91BC942}") = "Number", "Number\Number.vcxproj", "{79489FC4-D376-43B0-B38C-B989F8AC58AB}"
EndProject
Global
	GlobalSection(SolutionConfigurationPlatforms) = preSolution
		Debug|x64 = Debug|x64
		Debug|x86 = Debug|x86
		Release|x64 = Release|x64
		Release|x86 = Release|x86
	EndGlobalSection
	GlobalSection(ProjectConfigurationPlatforms) = postSolution
		{DB0FC255-0697-496D-AF39-A26D48196641}.Debug|x64.ActiveCfg = Debug|x64
		{DB0FC255-0697-496D-AF39-A26D48196641}.Debug|x64.Build.0 = Debug|x64
		{DB0FC255-0697-496D-AF39-A26D48196641}.Debug|x86.ActiveCfg = Debug|Win32
		{DB0FC255-0697-496D-AF39-A26D48196641}.Debug|x86.Build.0 = Debug|Win32
		{DB0FC255-0697-496D-AF39-A26D48196641}.Release|x64.ActiveCfg = Release|x64
		{DB0FC255-0697-496D-AF39-A26D48196641}.Release|x64.Build.0 = Release|x64
		{DB0FC255-0697-496D-AF39-A26D48196641}.Release|x86.ActiveCfg = Release|Win32
		{DB0FC255-0697-496D-AF39-A26D48196641}.Release|x86.Build.0 = Release|Win32
		{D20DAEBD-0DD0-4CE2-8676-587FB06DD921}.Debug|x64.ActiveCfg = Debug|x64
		{D20DAEBD-0DD0-4CE2-8676-587FB06DD921}.Debug|x64.Build.0 = Debug|x64
		{D20DAEBD-0DD0-4CE2-8676-587FB06DD921}.Debug|x86.ActiveCfg = Debug|Win32
		{D20DAEBD-0DD0-4CE2-8676-587FB06DD921}.Debug|x86.Build.0 = Debug|Win32
		{D20DAEBD-0DD0-4CE2-8676-587FB06DD921}.Release|x64.ActiveCfg = Release|x64
		{D20DAEBD-0DD0-4CE2-8676-587FB06DD921}.Release|x64.Build.0 = Release|x64
		{D20DAEBD-0DD0-4CE2-8676-587FB06DD921}.Release|x86.ActiveCfg = Release|Win32
		{D20DAEBD-0DD0-4CE2-8676-587FB06DD921}.Release|x86.Build.0 = Release|Win32
		{142D2942-B093-4729-A949-5010B7941598}.Debug|x64.ActiveCfg = Debug|x64
		{142D2942-B093-4729-A949-5010B7941598}.Debug|x64.Build.0 = Debug|x64
		{142D2942-B093-4729-A949-5010B7941598}.Debug|x86.ActiveCfg = Debug|Win32
		{142D2942-B093-4729-A949-5010B7941598}.Debug|x86.Build.0 = Debug|Win32
		{142D2942-B093-4729-A949-5010B7941598}.Release|x64.ActiveCfg = Release|x64
		{142D2942-B093-4729-A949-5010B7941598}.Release|x64.Build.0 = Release|x64
		{142D2942-B093-4729-A949-5010B7941598}.Release|x86.ActiveCfg = Release|Win32
		{142D2942-B093-4729-A949-5010B7941598}.Release|x86.Build.0 = Release|Win32
		{9653A6AE-AFFE-47EC-9A6B-EF0EACABA353}.Debug|x64.ActiveCfg = Debug|x64
		{9653A6AE-AFFE-47EC-9A6B-EF0EACABA353}.Debug|x64.Build.0 = Debug|x64
		{9653A6AE-AFFE-47EC-9A6B-EF0EACABA353}.Debug|x86.ActiveCfg = Debug|Win32
		{9653A6AE-AFFE-47EC-9A6B-EF0EACABA353}.Debug|x86.Build.0 = Debug|Win32
		{9653A6AE-AFFE-47EC-9A6B-EF0EACABA353}.Release|x64.ActiveCfg = Release|x64
		{9653A6AE-AFFE-47EC-9A6B-EF0EACABA353}.Release|x64.Build.0 = Release|x64
		{9653A6AE-AFFE-47EC-9A6B-EF0EACABA353}.Release|x86.ActiveCfg = Release|Win32
		{9653A6AE-AFFE-47EC-9A6B-EF0EACABA353}.Release|x86.Build.0 = Release|Win32
		{79489FC4-D376-43B0-B38C-B989F8AC58AB}.Debug|x64.ActiveCfg = Debug|x64
		{79489FC4-D376-43B0-B38C-B989F8AC58AB}.Debug|x64.Build.0 = Debug|x64
		{79489FC4-D376-43B0-B38C-B989F8AC58AB}.Debug|x86.ActiveCfg = Debug|Win32
		{79489FC4-D376-43B0-B38C-B989F8AC58AB}.Debug|x86.Build.0 = Debug|Win32
		{79489FC4-D376-43B0-B38C-B989F8AC58AB}.Release|x64.ActiveCfg = Release|x64
		{79489FC4-D376-43B0-B38C-B989F8AC58AB}.Release|x64.Build.0 = Release|x64
		{79489FC4-D376-43B0-B38C-B989F8AC58AB}.Release|x86.ActiveCfg = Release|Win32
		{79489FC4-D376-43B0-B38C-B989F8AC58AB}.Release|x86.Build.0 = Release|Win32
	EndGlobalSection
	GlobalSection(SolutionProperties) = preSolution
		HideSolutionNode = FALSE
	EndGlobalSection
	GlobalSection(ExtensibilityGlobals) = postSolution
		SolutionGuid = {6F0DCC35-2AA9-4990-97FB-D5CBA4E62897}
	EndGlobalSection
EndGlobal
